
Microsoft Visual Studio Solution File, Format Version 12.00
# Visual Studio 15
VisualStudioVersion = 15.0.27703.2018
MinimumVisualStudioVersion = 10.0.40219.1
Project("{FAE04EC0-301F-11D3-BF4B-00C04F79EFBC}") = "UniversityBoard.Web", "UniversityBoard.Back\UniversityBoard.Web.csproj", "{81EE4F2B-F930-4D68-B70B-1D2FA27D16EB}"
EndProject
Project("{FAE04EC0-301F-11D3-BF4B-00C04F79EFBC}") = "UniversityBoard.DAL", "UniversityBoard.DAL\UniversityBoard.DAL.csproj", "{564EB8CD-D063-4D83-A4AA-A3B35C0D4685}"
EndProject
Project("{FAE04EC0-301F-11D3-BF4B-00C04F79EFBC}") = "UniversityBoard.BLL", "UniversityBoard.BLL\UniversityBoard.BLL.csproj", "{6B715667-A64A-416B-A1B7-DB5BE23C3187}"
EndProject
Global
	GlobalSection(SolutionConfigurationPlatforms) = preSolution
		Debug|Any CPU = Debug|Any CPU
		Release|Any CPU = Release|Any CPU
	EndGlobalSection
	GlobalSection(ProjectConfigurationPlatforms) = postSolution
		{81EE4F2B-F930-4D68-B70B-1D2FA27D16EB}.Debug|Any CPU.ActiveCfg = Debug|Any CPU
		{81EE4F2B-F930-4D68-B70B-1D2FA27D16EB}.Debug|Any CPU.Build.0 = Debug|Any CPU
		{81EE4F2B-F930-4D68-B70B-1D2FA27D16EB}.Release|Any CPU.ActiveCfg = Release|Any CPU
		{81EE4F2B-F930-4D68-B70B-1D2FA27D16EB}.Release|Any CPU.Build.0 = Release|Any CPU
		{564EB8CD-D063-4D83-A4AA-A3B35C0D4685}.Debug|Any CPU.ActiveCfg = Debug|Any CPU
		{564EB8CD-D063-4D83-A4AA-A3B35C0D4685}.Debug|Any CPU.Build.0 = Debug|Any CPU
		{564EB8CD-D063-4D83-A4AA-A3B35C0D4685}.Release|Any CPU.ActiveCfg = Release|Any CPU
		{564EB8CD-D063-4D83-A4AA-A3B35C0D4685}.Release|Any CPU.Build.0 = Release|Any CPU
		{6B715667-A64A-416B-A1B7-DB5BE23C3187}.Debug|Any CPU.ActiveCfg = Debug|Any CPU
		{6B715667-A64A-416B-A1B7-DB5BE23C3187}.Debug|Any CPU.Build.0 = Debug|Any CPU
		{6B715667-A64A-416B-A1B7-DB5BE23C3187}.Release|Any CPU.ActiveCfg = Release|Any CPU
		{6B715667-A64A-416B-A1B7-DB5BE23C3187}.Release|Any CPU.Build.0 = Release|Any CPU
	EndGlobalSection
	GlobalSection(SolutionProperties) = preSolution
		HideSolutionNode = FALSE
	EndGlobalSection
	GlobalSection(ExtensibilityGlobals) = postSolution
		SolutionGuid = {715DF880-728F-43C1-9B09-F75BED84CC9F}
	EndGlobalSection
EndGlobal
